
Microsoft Visual Studio Solution File, Format Version 10.00
# Visual Studio 2008
Project("{8BC9CEB8-8B4A-11D0-8D11-00A0C91BC942}") = "kvmctldll", "kvmctldll.vcproj", "{515FECAA-8622-4E91-99A3-21C8978E0580}"
EndProject
Global
	GlobalSection(SolutionConfigurationPlatforms) = preSolution
		Debug|Win32 = Debug|Win32
		Release|Win32 = Release|Win32
	EndGlobalSection
	GlobalSection(ProjectConfigurationPlatforms) = postSolution
		{515FECAA-8622-4E91-99A3-21C8978E0580}.Debug|Win32.ActiveCfg = Debug|Win32
		{515FECAA-8622-4E91-99A3-21C8978E0580}.Debug|Win32.Build.0 = Debug|Win32
		{515FECAA-8622-4E91-99A3-21C8978E0580}.Release|Win32.ActiveCfg = Release|Win32
		{515FECAA-8622-4E91-99A3-21C8978E0580}.Release|Win32.Build.0 = Release|Win32
	EndGlobalSection
	GlobalSection(SolutionProperties) = preSolution
		HideSolutionNode = FALSE
	EndGlobalSection
EndGlobal
